// !$*UTF8*$!
{
	archiveVersion = 1;
	classes = {
	};
	objectVersion = 56;
	objects = {

/* Begin PBXBuildFile section */
		93C56C822B7D426B00B9FE0A /* DetailsViewController.swift in Sources */ = {isa = PBXBuildFile; fileRef = 93C56C812B7D426B00B9FE0A /* DetailsViewController.swift */; };
		93C56C842B7D428400B9FE0A /* DetailsScreen.swift in Sources */ = {isa = PBXBuildFile; fileRef = 93C56C832B7D428400B9FE0A /* DetailsScreen.swift */; };
		93C7B1292B7C112A00B084B4 /* AppDelegate.swift in Sources */ = {isa = PBXBuildFile; fileRef = 93C7B1282B7C112A00B084B4 /* AppDelegate.swift */; };
		93C7B12B2B7C112A00B084B4 /* SceneDelegate.swift in Sources */ = {isa = PBXBuildFile; fileRef = 93C7B12A2B7C112A00B084B4 /* SceneDelegate.swift */; };
		93C7B12D2B7C112A00B084B4 /* ViewController.swift in Sources */ = {isa = PBXBuildFile; fileRef = 93C7B12C2B7C112A00B084B4 /* ViewController.swift */; };
		93C7B1302B7C112A00B084B4 /* Main.storyboard in Resources */ = {isa = PBXBuildFile; fileRef = 93C7B12E2B7C112A00B084B4 /* Main.storyboard */; };
		93C7B1322B7C112D00B084B4 /* Assets.xcassets in Resources */ = {isa = PBXBuildFile; fileRef = 93C7B1312B7C112D00B084B4 /* Assets.xcassets */; };
		93C7B1352B7C112D00B084B4 /* LaunchScreen.storyboard in Resources */ = {isa = PBXBuildFile; fileRef = 93C7B1332B7C112D00B084B4 /* LaunchScreen.storyboard */; };
		93C7B1432B7C213800B084B4 /* MainScreen.swift in Sources */ = {isa = PBXBuildFile; fileRef = 93C7B1422B7C213800B084B4 /* MainScreen.swift */; };
		93C7B1452B7C264A00B084B4 /* TableViewCellContact.swift in Sources */ = {isa = PBXBuildFile; fileRef = 93C7B1442B7C264A00B084B4 /* TableViewCellContact.swift */; };
		93C7B14A2B7CFE7600B084B4 /* AddNewContactScreen.swift in Sources */ = {isa = PBXBuildFile; fileRef = 93C7B1492B7CFE7600B084B4 /* AddNewContactScreen.swift */; };
		93C7B14C2B7D006E00B084B4 /* AddNewContactViewController.swift in Sources */ = {isa = PBXBuildFile; fileRef = 93C7B14B2B7D006E00B084B4 /* AddNewContactViewController.swift */; };
		93C7B14E2B7D08B600B084B4 /* Contact.swift in Sources */ = {isa = PBXBuildFile; fileRef = 93C7B14D2B7D08B600B084B4 /* Contact.swift */; };
/* End PBXBuildFile section */

/* Begin PBXFileReference section */
		93C56C812B7D426B00B9FE0A /* DetailsViewController.swift */ = {isa = PBXFileReference; lastKnownFileType = sourcecode.swift; path = DetailsViewController.swift; sourceTree = "<group>"; };
		93C56C832B7D428400B9FE0A /* DetailsScreen.swift */ = {isa = PBXFileReference; lastKnownFileType = sourcecode.swift; path = DetailsScreen.swift; sourceTree = "<group>"; };
		93C7B1252B7C112A00B084B4 /* WA4_Basswerner_8001.app */ = {isa = PBXFileReference; explicitFileType = wrapper.application; includeInIndex = 0; path = WA4_Basswerner_8001.app; sourceTree = BUILT_PRODUCTS_DIR; };
		93C7B1282B7C112A00B084B4 /* AppDelegate.swift */ = {isa = PBXFileReference; lastKnownFileType = sourcecode.swift; path = AppDelegate.swift; sourceTree = "<group>"; };
		93C7B12A2B7C112A00B084B4 /* SceneDelegate.swift */ = {isa = PBXFileReference; lastKnownFileType = sourcecode.swift; path = SceneDelegate.swift; sourceTree = "<group>"; };
		93C7B12C2B7C112A00B084B4 /* ViewController.swift */ = {isa = PBXFileReference; lastKnownFileType = sourcecode.swift; path = ViewController.swift; sourceTree = "<group>"; };
		93C7B12F2B7C112A00B084B4 /* Base */ = {isa = PBXFileReference; lastKnownFileType = file.storyboard; name = Base; path = Base.lproj/Main.storyboard; sourceTree = "<group>"; };
		93C7B1312B7C112D00B084B4 /* Assets.xcassets */ = {isa = PBXFileReference; lastKnownFileType = folder.assetcatalog; path = Assets.xcassets; sourceTree = "<group>"; };
		93C7B1342B7C112D00B084B4 /* Base */ = {isa = PBXFileReference; lastKnownFileType = file.storyboard; name = Base; path = Base.lproj/LaunchScreen.storyboard; sourceTree = "<group>"; };
		93C7B1362B7C112D00B084B4 /* Info.plist */ = {isa = PBXFileReference; lastKnownFileType = text.plist.xml; path = Info.plist; sourceTree = "<group>"; };
		93C7B1422B7C213800B084B4 /* MainScreen.swift */ = {isa = PBXFileReference; lastKnownFileType = sourcecode.swift; path = MainScreen.swift; sourceTree = "<group>"; };
		93C7B1442B7C264A00B084B4 /* TableViewCellContact.swift */ = {isa = PBXFileReference; lastKnownFileType = sourcecode.swift; path = TableViewCellContact.swift; sourceTree = "<group>"; };
		93C7B1492B7CFE7600B084B4 /* AddNewContactScreen.swift */ = {isa = PBXFileReference; lastKnownFileType = sourcecode.swift; path = AddNewContactScreen.swift; sourceTree = "<group>"; };
		93C7B14B2B7D006E00B084B4 /* AddNewContactViewController.swift */ = {isa = PBXFileReference; lastKnownFileType = sourcecode.swift; path = AddNewContactViewController.swift; sourceTree = "<group>"; };
		93C7B14D2B7D08B600B084B4 /* Contact.swift */ = {isa = PBXFileReference; lastKnownFileType = sourcecode.swift; path = Contact.swift; sourceTree = "<group>"; };
/* End PBXFileReference section */

/* Begin PBXFrameworksBuildPhase section */
		93C7B1222B7C112A00B084B4 /* Frameworks */ = {
			isa = PBXFrameworksBuildPhase;
			buildActionMask = 2147483647;
			files = (
			);
			runOnlyForDeploymentPostprocessing = 0;
		};
/* End PBXFrameworksBuildPhase section */

/* Begin PBXGroup section */
		93C7B11C2B7C112A00B084B4 = {
			isa = PBXGroup;
			children = (
				93C7B1272B7C112A00B084B4 /* WA4_Basswerner_8001 */,
				93C7B1262B7C112A00B084B4 /* Products */,
			);
			sourceTree = "<group>";
		};
		93C7B1262B7C112A00B084B4 /* Products */ = {
			isa = PBXGroup;
			children = (
				93C7B1252B7C112A00B084B4 /* WA4_Basswerner_8001.app */,
			);
			name = Products;
			sourceTree = "<group>";
		};
		93C7B1272B7C112A00B084B4 /* WA4_Basswerner_8001 */ = {
			isa = PBXGroup;
			children = (
				93C7B1462B7C414300B084B4 /* Data_Model */,
				93C7B1412B7C157600B084B4 /* Details_Screen */,
				93C7B1402B7C151E00B084B4 /* Add_New_Contact_Screen */,
				93C7B13F2B7C14FE00B084B4 /* Main_Screen */,
				93C7B1282B7C112A00B084B4 /* AppDelegate.swift */,
				93C7B12A2B7C112A00B084B4 /* SceneDelegate.swift */,
				93C7B12E2B7C112A00B084B4 /* Main.storyboard */,
				93C7B1312B7C112D00B084B4 /* Assets.xcassets */,
				93C7B1332B7C112D00B084B4 /* LaunchScreen.storyboard */,
				93C7B1362B7C112D00B084B4 /* Info.plist */,
			);
			path = WA4_Basswerner_8001;
			sourceTree = "<group>";
		};
		93C7B13F2B7C14FE00B084B4 /* Main_Screen */ = {
			isa = PBXGroup;
			children = (
				93C7B12C2B7C112A00B084B4 /* ViewController.swift */,
				93C7B1422B7C213800B084B4 /* MainScreen.swift */,
				93C7B1442B7C264A00B084B4 /* TableViewCellContact.swift */,
			);
			path = Main_Screen;
			sourceTree = "<group>";
		};
		93C7B1402B7C151E00B084B4 /* Add_New_Contact_Screen */ = {
			isa = PBXGroup;
			children = (
				93C7B1492B7CFE7600B084B4 /* AddNewContactScreen.swift */,
				93C7B14B2B7D006E00B084B4 /* AddNewContactViewController.swift */,
			);
			path = Add_New_Contact_Screen;
			sourceTree = "<group>";
		};
		93C7B1412B7C157600B084B4 /* Details_Screen */ = {
			isa = PBXGroup;
			children = (
				93C56C812B7D426B00B9FE0A /* DetailsViewController.swift */,
				93C56C832B7D428400B9FE0A /* DetailsScreen.swift */,
			);
			path = Details_Screen;
			sourceTree = "<group>";
		};
		93C7B1462B7C414300B084B4 /* Data_Model */ = {
			isa = PBXGroup;
			children = (
				93C7B14D2B7D08B600B084B4 /* Contact.swift */,
			);
			path = Data_Model;
			sourceTree = "<group>";
		};
/* End PBXGroup section */

/* Begin PBXNativeTarget section */
		93C7B1242B7C112A00B084B4 /* WA4_Basswerner_8001 */ = {
			isa = PBXNativeTarget;
			buildConfigurationList = 93C7B1392B7C112D00B084B4 /* Build configuration list for PBXNativeTarget "WA4_Basswerner_8001" */;
			buildPhases = (
				93C7B1212B7C112A00B084B4 /* Sources */,
				93C7B1222B7C112A00B084B4 /* Frameworks */,
				93C7B1232B7C112A00B084B4 /* Resources */,
			);
			buildRules = (
			);
			dependencies = (
			);
			name = WA4_Basswerner_8001;
			productName = WA4_Basswerner_8001;
			productReference = 93C7B1252B7C112A00B084B4 /* WA4_Basswerner_8001.app */;
			productType = "com.apple.product-type.application";
		};
/* End PBXNativeTarget section */

/* Begin PBXProject section */
		93C7B11D2B7C112A00B084B4 /* Project object */ = {
			isa = PBXProject;
			attributes = {
				BuildIndependentTargetsInParallel = 1;
				LastSwiftUpdateCheck = 1520;
				LastUpgradeCheck = 1520;
				TargetAttributes = {
					93C7B1242B7C112A00B084B4 = {
						CreatedOnToolsVersion = 15.2;
					};
				};
			};
			buildConfigurationList = 93C7B1202B7C112A00B084B4 /* Build configuration list for PBXProject "WA4_Basswerner_8001" */;
			compatibilityVersion = "Xcode 14.0";
			developmentRegion = en;
			hasScannedForEncodings = 0;
			knownRegions = (
				en,
				Base,
			);
			mainGroup = 93C7B11C2B7C112A00B084B4;
			productRefGroup = 93C7B1262B7C112A00B084B4 /* Products */;
			projectDirPath = "";
			projectRoot = "";
			targets = (
				93C7B1242B7C112A00B084B4 /* WA4_Basswerner_8001 */,
			);
		};
/* End PBXProject section */

/* Begin PBXResourcesBuildPhase section */
		93C7B1232B7C112A00B084B4 /* Resources */ = {
			isa = PBXResourcesBuildPhase;
			buildActionMask = 2147483647;
			files = (
				93C7B1352B7C112D00B084B4 /* LaunchScreen.storyboard in Resources */,
				93C7B1322B7C112D00B084B4 /* Assets.xcassets in Resources */,
				93C7B1302B7C112A00B084B4 /* Main.storyboard in Resources */,
			);
			runOnlyForDeploymentPostprocessing = 0;
		};
/* End PBXResourcesBuildPhase section */

/* Begin PBXSourcesBuildPhase section */
		93C7B1212B7C112A00B084B4 /* Sources */ = {
			isa = PBXSourcesBuildPhase;
			buildActionMask = 2147483647;
			files = (
				93C7B1432B7C213800B084B4 /* MainScreen.swift in Sources */,
				93C7B14A2B7CFE7600B084B4 /* AddNewContactScreen.swift in Sources */,
				93C56C842B7D428400B9FE0A /* DetailsScreen.swift in Sources */,
				93C56C822B7D426B00B9FE0A /* DetailsViewController.swift in Sources */,
				93C7B12D2B7C112A00B084B4 /* ViewController.swift in Sources */,
				93C7B1452B7C264A00B084B4 /* TableViewCellContact.swift in Sources */,
				93C7B14E2B7D08B600B084B4 /* Contact.swift in Sources */,
				93C7B1292B7C112A00B084B4 /* AppDelegate.swift in Sources */,
				93C7B14C2B7D006E00B084B4 /* AddNewContactViewController.swift in Sources */,
				93C7B12B2B7C112A00B084B4 /* SceneDelegate.swift in Sources */,
			);
			runOnlyForDeploymentPostprocessing = 0;
		};
/* End PBXSourcesBuildPhase section */

/* Begin PBXVariantGroup section */
		93C7B12E2B7C112A00B084B4 /* Main.storyboard */ = {
			isa = PBXVariantGroup;
			children = (
				93C7B12F2B7C112A00B084B4 /* Base */,
			);
			name = Main.storyboard;
			sourceTree = "<group>";
		};
		93C7B1332B7C112D00B084B4 /* LaunchScreen.storyboard */ = {
			isa = PBXVariantGroup;
			children = (
				93C7B1342B7C112D00B084B4 /* Base */,
			);
			name = LaunchScreen.storyboard;
			sourceTree = "<group>";
		};
/* End PBXVariantGroup section */

/* Begin XCBuildConfiguration section */
		93C7B1372B7C112D00B084B4 /* Debug */ = {
			isa = XCBuildConfiguration;
			buildSettings = {
				ALWAYS_SEARCH_USER_PATHS = NO;
				ASSETCATALOG_COMPILER_GENERATE_SWIFT_ASSET_SYMBOL_EXTENSIONS = YES;
				CLANG_ANALYZER_NONNULL = YES;
				CLANG_ANALYZER_NUMBER_OBJECT_CONVERSION = YES_AGGRESSIVE;
				CLANG_CXX_LANGUAGE_STANDARD = "gnu++20";
				CLANG_ENABLE_MODULES = YES;
				CLANG_ENABLE_OBJC_ARC = YES;
				CLANG_ENABLE_OBJC_WEAK = YES;
				CLANG_WARN_BLOCK_CAPTURE_AUTORELEASING = YES;
				CLANG_WARN_BOOL_CONVERSION = YES;
				CLANG_WARN_COMMA = YES;
				CLANG_WARN_CONSTANT_CONVERSION = YES;
				CLANG_WARN_DEPRECATED_OBJC_IMPLEMENTATIONS = YES;
				CLANG_WARN_DIRECT_OBJC_ISA_USAGE = YES_ERROR;
				CLANG_WARN_DOCUMENTATION_COMMENTS = YES;
				CLANG_WARN_EMPTY_BODY = YES;
				CLANG_WARN_ENUM_CONVERSION = YES;
				CLANG_WARN_INFINITE_RECURSION = YES;
				CLANG_WARN_INT_CONVERSION = YES;
				CLANG_WARN_NON_LITERAL_NULL_CONVERSION = YES;
				CLANG_WARN_OBJC_IMPLICIT_RETAIN_SELF = YES;
				CLANG_WARN_OBJC_LITERAL_CONVERSION = YES;
				CLANG_WARN_OBJC_ROOT_CLASS = YES_ERROR;
				CLANG_WARN_QUOTED_INCLUDE_IN_FRAMEWORK_HEADER = YES;
				CLANG_WARN_RANGE_LOOP_ANALYSIS = YES;
				CLANG_WARN_STRICT_PROTOTYPES = YES;
				CLANG_WARN_SUSPICIOUS_MOVE = YES;
				CLANG_WARN_UNGUARDED_AVAILABILITY = YES_AGGRESSIVE;
				CLANG_WARN_UNREACHABLE_CODE = YES;
				CLANG_WARN__DUPLICATE_METHOD_MATCH = YES;
				COPY_PHASE_STRIP = NO;
				DEBUG_INFORMATION_FORMAT = dwarf;
				ENABLE_STRICT_OBJC_MSGSEND = YES;
				ENABLE_TESTABILITY = YES;
				ENABLE_USER_SCRIPT_SANDBOXING = YES;
				GCC_C_LANGUAGE_STANDARD = gnu17;
				GCC_DYNAMIC_NO_PIC = NO;
				GCC_NO_COMMON_BLOCKS = YES;
				GCC_OPTIMIZATION_LEVEL = 0;
				GCC_PREPROCESSOR_DEFINITIONS = (
					"DEBUG=1",
					"$(inherited)",
				);
				GCC_WARN_64_TO_32_BIT_CONVERSION = YES;
				GCC_WARN_ABOUT_RETURN_TYPE = YES_ERROR;
				GCC_WARN_UNDECLARED_SELECTOR = YES;
				GCC_WARN_UNINITIALIZED_AUTOS = YES_AGGRESSIVE;
				GCC_WARN_UNUSED_FUNCTION = YES;
				GCC_WARN_UNUSED_VARIABLE = YES;
				IPHONEOS_DEPLOYMENT_TARGET = 17.2;
				LOCALIZATION_PREFERS_STRING_CATALOGS = YES;
				MTL_ENABLE_DEBUG_INFO = INCLUDE_SOURCE;
				MTL_FAST_MATH = YES;
				ONLY_ACTIVE_ARCH = YES;
				SDKROOT = iphoneos;
				SWIFT_ACTIVE_COMPILATION_CONDITIONS = "DEBUG $(inherited)";
				SWIFT_OPTIMIZATION_LEVEL = "-Onone";
			};
			name = Debug;
		};
		93C7B1382B7C112D00B084B4 /* Release */ = {
			isa = XCBuildConfiguration;
			buildSettings = {
				ALWAYS_SEARCH_USER_PATHS = NO;
				ASSETCATALOG_COMPILER_GENERATE_SWIFT_ASSET_SYMBOL_EXTENSIONS = YES;
				CLANG_ANALYZER_NONNULL = YES;
				CLANG_ANALYZER_NUMBER_OBJECT_CONVERSION = YES_AGGRESSIVE;
				CLANG_CXX_LANGUAGE_STANDARD = "gnu++20";
				CLANG_ENABLE_MODULES = YES;
				CLANG_ENABLE_OBJC_ARC = YES;
				CLANG_ENABLE_OBJC_WEAK = YES;
				CLANG_WARN_BLOCK_CAPTURE_AUTORELEASING = YES;
				CLANG_WARN_BOOL_CONVERSION = YES;
				CLANG_WARN_COMMA = YES;
				CLANG_WARN_CONSTANT_CONVERSION = YES;
				CLANG_WARN_DEPRECATED_OBJC_IMPLEMENTATIONS = YES;
				CLANG_WARN_DIRECT_OBJC_ISA_USAGE = YES_ERROR;
				CLANG_WARN_DOCUMENTATION_COMMENTS = YES;
				CLANG_WARN_EMPTY_BODY = YES;
				CLANG_WARN_ENUM_CONVERSION = YES;
				CLANG_WARN_INFINITE_RECURSION = YES;
				CLANG_WARN_INT_CONVERSION = YES;
				CLANG_WARN_NON_LITERAL_NULL_CONVERSION = YES;
				CLANG_WARN_OBJC_IMPLICIT_RETAIN_SELF = YES;
				CLANG_WARN_OBJC_LITERAL_CONVERSION = YES;
				CLANG_WARN_OBJC_ROOT_CLASS = YES_ERROR;
				CLANG_WARN_QUOTED_INCLUDE_IN_FRAMEWORK_HEADER = YES;
				CLANG_WARN_RANGE_LOOP_ANALYSIS = YES;
				CLANG_WARN_STRICT_PROTOTYPES = YES;
				CLANG_WARN_SUSPICIOUS_MOVE = YES;
				CLANG_WARN_UNGUARDED_AVAILABILITY = YES_AGGRESSIVE;
				CLANG_WARN_UNREACHABLE_CODE = YES;
				CLANG_WARN__DUPLICATE_METHOD_MATCH = YES;
				COPY_PHASE_STRIP = NO;
				DEBUG_INFORMATION_FORMAT = "dwarf-with-dsym";
				ENABLE_NS_ASSERTIONS = NO;
				ENABLE_STRICT_OBJC_MSGSEND = YES;
				ENABLE_USER_SCRIPT_SANDBOXING = YES;
				GCC_C_LANGUAGE_STANDARD = gnu17;
				GCC_NO_COMMON_BLOCKS = YES;
				GCC_WARN_64_TO_32_BIT_CONVERSION = YES;
				GCC_WARN_ABOUT_RETURN_TYPE = YES_ERROR;
				GCC_WARN_UNDECLARED_SELECTOR = YES;
				GCC_WARN_UNINITIALIZED_AUTOS = YES_AGGRESSIVE;
				GCC_WARN_UNUSED_FUNCTION = YES;
				GCC_WARN_UNUSED_VARIABLE = YES;
				IPHONEOS_DEPLOYMENT_TARGET = 17.2;
				LOCALIZATION_PREFERS_STRING_CATALOGS = YES;
				MTL_ENABLE_DEBUG_INFO = NO;
				MTL_FAST_MATH = YES;
				SDKROOT = iphoneos;
				SWIFT_COMPILATION_MODE = wholemodule;
				VALIDATE_PRODUCT = YES;
			};
			name = Release;
		};
		93C7B13A2B7C112D00B084B4 /* Debug */ = {
			isa = XCBuildConfiguration;
			buildSettings = {
				ASSETCATALOG_COMPILER_APPICON_NAME = AppIcon;
				ASSETCATALOG_COMPILER_GLOBAL_ACCENT_COLOR_NAME = AccentColor;
				CODE_SIGN_STYLE = Automatic;
				CURRENT_PROJECT_VERSION = 1;
				DEVELOPMENT_TEAM = 9AMBAS6ZRQ;
				GENERATE_INFOPLIST_FILE = YES;
				INFOPLIST_FILE = WA4_Basswerner_8001/Info.plist;
				INFOPLIST_KEY_UIApplicationSupportsIndirectInputEvents = YES;
				INFOPLIST_KEY_UILaunchStoryboardName = LaunchScreen;
				INFOPLIST_KEY_UIMainStoryboardFile = Main;
				INFOPLIST_KEY_UISupportedInterfaceOrientations_iPad = "UIInterfaceOrientationPortrait UIInterfaceOrientationPortraitUpsideDown UIInterfaceOrientationLandscapeLeft UIInterfaceOrientationLandscapeRight";
				INFOPLIST_KEY_UISupportedInterfaceOrientations_iPhone = "UIInterfaceOrientationPortrait UIInterfaceOrientationLandscapeLeft UIInterfaceOrientationLandscapeRight";
				LD_RUNPATH_SEARCH_PATHS = (
					"$(inherited)",
					"@executable_path/Frameworks",
				);
				MARKETING_VERSION = 1.0;
				PRODUCT_BUNDLE_IDENTIFIER = "com.paulabwj.WA4-Basswerner-8001";
				PRODUCT_NAME = "$(TARGET_NAME)";
				SWIFT_EMIT_LOC_STRINGS = YES;
				SWIFT_VERSION = 5.0;
				TARGETED_DEVICE_FAMILY = "1,2";
			};
			name = Debug;
		};
		93C7B13B2B7C112D00B084B4 /* Release */ = {
			isa = XCBuildConfiguration;
			buildSettings = {
				ASSETCATALOG_COMPILER_APPICON_NAME = AppIcon;
				ASSETCATALOG_COMPILER_GLOBAL_ACCENT_COLOR_NAME = AccentColor;
				CODE_SIGN_STYLE = Automatic;
				CURRENT_PROJECT_VERSION = 1;
				DEVELOPMENT_TEAM = 9AMBAS6ZRQ;
				GENERATE_INFOPLIST_FILE = YES;
				INFOPLIST_FILE = WA4_Basswerner_8001/Info.plist;
				INFOPLIST_KEY_UIApplicationSupportsIndirectInputEvents = YES;
				INFOPLIST_KEY_UILaunchStoryboardName = LaunchScreen;
				INFOPLIST_KEY_UIMainStoryboardFile = Main;
				INFOPLIST_KEY_UISupportedInterfaceOrientations_iPad = "UIInterfaceOrientationPortrait UIInterfaceOrientationPortraitUpsideDown UIInterfaceOrientationLandscapeLeft UIInterfaceOrientationLandscapeRight";
				INFOPLIST_KEY_UISupportedInterfaceOrientations_iPhone = "UIInterfaceOrientationPortrait UIInterfaceOrientationLandscapeLeft UIInterfaceOrientationLandscapeRight";
				LD_RUNPATH_SEARCH_PATHS = (
					"$(inherited)",
					"@executable_path/Frameworks",
				);
				MARKETING_VERSION = 1.0;
				PRODUCT_BUNDLE_IDENTIFIER = "com.paulabwj.WA4-Basswerner-8001";
				PRODUCT_NAME = "$(TARGET_NAME)";
				SWIFT_EMIT_LOC_STRINGS = YES;
				SWIFT_VERSION = 5.0;
				TARGETED_DEVICE_FAMILY = "1,2";
			};
			name = Release;
		};
/* End XCBuildConfiguration section */

/* Begin XCConfigurationList section */
		93C7B1202B7C112A00B084B4 /* Build configuration list for PBXProject "WA4_Basswerner_8001" */ = {
			isa = XCConfigurationList;
			buildConfigurations = (
				93C7B1372B7C112D00B084B4 /* Debug */,
				93C7B1382B7C112D00B084B4 /* Release */,
			);
			defaultConfigurationIsVisible = 0;
			defaultConfigurationName = Release;
		};
		93C7B1392B7C112D00B084B4 /* Build configuration list for PBXNativeTarget "WA4_Basswerner_8001" */ = {
			isa = XCConfigurationList;
			buildConfigurations = (
				93C7B13A2B7C112D00B084B4 /* Debug */,
				93C7B13B2B7C112D00B084B4 /* Release */,
			);
			defaultConfigurationIsVisible = 0;
			defaultConfigurationName = Release;
		};
/* End XCConfigurationList section */
	};
	rootObject = 93C7B11D2B7C112A00B084B4 /* Project object */;
}
