// !$*UTF8*$!
{
	archiveVersion = 1;
	classes = {
	};
	objectVersion = 56;
	objects = {

/* Begin PBXBuildFile section */
		93BAC7972B85A81A002D99A3 /* AppDelegate.swift in Sources */ = {isa = PBXBuildFile; fileRef = 93BAC7962B85A81A002D99A3 /* AppDelegate.swift */; };
		93BAC7992B85A81A002D99A3 /* SceneDelegate.swift in Sources */ = {isa = PBXBuildFile; fileRef = 93BAC7982B85A81A002D99A3 /* SceneDelegate.swift */; };
		93BAC79B2B85A81A002D99A3 /* ViewController.swift in Sources */ = {isa = PBXBuildFile; fileRef = 93BAC79A2B85A81A002D99A3 /* ViewController.swift */; };
		93BAC79E2B85A81A002D99A3 /* Main.storyboard in Resources */ = {isa = PBXBuildFile; fileRef = 93BAC79C2B85A81A002D99A3 /* Main.storyboard */; };
		93BAC7A02B85A81D002D99A3 /* Assets.xcassets in Resources */ = {isa = PBXBuildFile; fileRef = 93BAC79F2B85A81D002D99A3 /* Assets.xcassets */; };
		93BAC7A32B85A81D002D99A3 /* LaunchScreen.storyboard in Resources */ = {isa = PBXBuildFile; fileRef = 93BAC7A12B85A81D002D99A3 /* LaunchScreen.storyboard */; };
		93BAC7AC2B85A8C2002D99A3 /* Contact.swift in Sources */ = {isa = PBXBuildFile; fileRef = 93BAC7AB2B85A8C2002D99A3 /* Contact.swift */; };
		93BAC7AF2B85A93D002D99A3 /* DetailsViewController.swift in Sources */ = {isa = PBXBuildFile; fileRef = 93BAC7AE2B85A93D002D99A3 /* DetailsViewController.swift */; };
		93BAC7B12B85A97C002D99A3 /* DetailsScreen.swift in Sources */ = {isa = PBXBuildFile; fileRef = 93BAC7B02B85A97C002D99A3 /* DetailsScreen.swift */; };
		93BAC7B42B85A9DE002D99A3 /* MainScreen.swift in Sources */ = {isa = PBXBuildFile; fileRef = 93BAC7B32B85A9DE002D99A3 /* MainScreen.swift */; };
		93BAC7B62B85AA57002D99A3 /* TableViewCellContact.swift in Sources */ = {isa = PBXBuildFile; fileRef = 93BAC7B52B85AA57002D99A3 /* TableViewCellContact.swift */; };
		93BAC7B92B85AAEA002D99A3 /* AddNewContactScreen.swift in Sources */ = {isa = PBXBuildFile; fileRef = 93BAC7B82B85AAEA002D99A3 /* AddNewContactScreen.swift */; };
		93BAC7BB2B85AB18002D99A3 /* AddNewContactViewController.swift in Sources */ = {isa = PBXBuildFile; fileRef = 93BAC7BA2B85AB18002D99A3 /* AddNewContactViewController.swift */; };
/* End PBXBuildFile section */

/* Begin PBXFileReference section */
		93BAC7932B85A81A002D99A3 /* WA5_Basswerner_8001.app */ = {isa = PBXFileReference; explicitFileType = wrapper.application; includeInIndex = 0; path = WA5_Basswerner_8001.app; sourceTree = BUILT_PRODUCTS_DIR; };
		93BAC7962B85A81A002D99A3 /* AppDelegate.swift */ = {isa = PBXFileReference; lastKnownFileType = sourcecode.swift; path = AppDelegate.swift; sourceTree = "<group>"; };
		93BAC7982B85A81A002D99A3 /* SceneDelegate.swift */ = {isa = PBXFileReference; lastKnownFileType = sourcecode.swift; path = SceneDelegate.swift; sourceTree = "<group>"; };
		93BAC79A2B85A81A002D99A3 /* ViewController.swift */ = {isa = PBXFileReference; lastKnownFileType = sourcecode.swift; path = ViewController.swift; sourceTree = "<group>"; };
		93BAC79D2B85A81A002D99A3 /* Base */ = {isa = PBXFileReference; lastKnownFileType = file.storyboard; name = Base; path = Base.lproj/Main.storyboard; sourceTree = "<group>"; };
		93BAC79F2B85A81D002D99A3 /* Assets.xcassets */ = {isa = PBXFileReference; lastKnownFileType = folder.assetcatalog; path = Assets.xcassets; sourceTree = "<group>"; };
		93BAC7A22B85A81D002D99A3 /* Base */ = {isa = PBXFileReference; lastKnownFileType = file.storyboard; name = Base; path = Base.lproj/LaunchScreen.storyboard; sourceTree = "<group>"; };
		93BAC7A42B85A81D002D99A3 /* Info.plist */ = {isa = PBXFileReference; lastKnownFileType = text.plist.xml; path = Info.plist; sourceTree = "<group>"; };
		93BAC7AB2B85A8C2002D99A3 /* Contact.swift */ = {isa = PBXFileReference; lastKnownFileType = sourcecode.swift; path = Contact.swift; sourceTree = "<group>"; };
		93BAC7AE2B85A93D002D99A3 /* DetailsViewController.swift */ = {isa = PBXFileReference; lastKnownFileType = sourcecode.swift; path = DetailsViewController.swift; sourceTree = "<group>"; };
		93BAC7B02B85A97C002D99A3 /* DetailsScreen.swift */ = {isa = PBXFileReference; lastKnownFileType = sourcecode.swift; path = DetailsScreen.swift; sourceTree = "<group>"; };
		93BAC7B32B85A9DE002D99A3 /* MainScreen.swift */ = {isa = PBXFileReference; lastKnownFileType = sourcecode.swift; path = MainScreen.swift; sourceTree = "<group>"; };
		93BAC7B52B85AA57002D99A3 /* TableViewCellContact.swift */ = {isa = PBXFileReference; lastKnownFileType = sourcecode.swift; path = TableViewCellContact.swift; sourceTree = "<group>"; };
		93BAC7B82B85AAEA002D99A3 /* AddNewContactScreen.swift */ = {isa = PBXFileReference; lastKnownFileType = sourcecode.swift; path = AddNewContactScreen.swift; sourceTree = "<group>"; };
		93BAC7BA2B85AB18002D99A3 /* AddNewContactViewController.swift */ = {isa = PBXFileReference; lastKnownFileType = sourcecode.swift; path = AddNewContactViewController.swift; sourceTree = "<group>"; };
/* End PBXFileReference section */

/* Begin PBXFrameworksBuildPhase section */
		93BAC7902B85A81A002D99A3 /* Frameworks */ = {
			isa = PBXFrameworksBuildPhase;
			buildActionMask = 2147483647;
			files = (
			);
			runOnlyForDeploymentPostprocessing = 0;
		};
/* End PBXFrameworksBuildPhase section */

/* Begin PBXGroup section */
		93BAC78A2B85A81A002D99A3 = {
			isa = PBXGroup;
			children = (
				93BAC7952B85A81A002D99A3 /* WA5_Basswerner_8001 */,
				93BAC7942B85A81A002D99A3 /* Products */,
			);
			sourceTree = "<group>";
		};
		93BAC7942B85A81A002D99A3 /* Products */ = {
			isa = PBXGroup;
			children = (
				93BAC7932B85A81A002D99A3 /* WA5_Basswerner_8001.app */,
			);
			name = Products;
			sourceTree = "<group>";
		};
		93BAC7952B85A81A002D99A3 /* WA5_Basswerner_8001 */ = {
			isa = PBXGroup;
			children = (
				93BAC7B72B85AAA7002D99A3 /* Add_New_Contact_Screen */,
				93BAC7B22B85A9A8002D99A3 /* Main_Screen */,
				93BAC7AD2B85A8E7002D99A3 /* Details_Screen */,
				93BAC7AA2B85A89A002D99A3 /* Data_Model */,
				93BAC7962B85A81A002D99A3 /* AppDelegate.swift */,
				93BAC7982B85A81A002D99A3 /* SceneDelegate.swift */,
				93BAC79C2B85A81A002D99A3 /* Main.storyboard */,
				93BAC79F2B85A81D002D99A3 /* Assets.xcassets */,
				93BAC7A12B85A81D002D99A3 /* LaunchScreen.storyboard */,
				93BAC7A42B85A81D002D99A3 /* Info.plist */,
			);
			path = WA5_Basswerner_8001;
			sourceTree = "<group>";
		};
		93BAC7AA2B85A89A002D99A3 /* Data_Model */ = {
			isa = PBXGroup;
			children = (
				93BAC7AB2B85A8C2002D99A3 /* Contact.swift */,
			);
			path = Data_Model;
			sourceTree = "<group>";
		};
		93BAC7AD2B85A8E7002D99A3 /* Details_Screen */ = {
			isa = PBXGroup;
			children = (
				93BAC7AE2B85A93D002D99A3 /* DetailsViewController.swift */,
				93BAC7B02B85A97C002D99A3 /* DetailsScreen.swift */,
			);
			path = Details_Screen;
			sourceTree = "<group>";
		};
		93BAC7B22B85A9A8002D99A3 /* Main_Screen */ = {
			isa = PBXGroup;
			children = (
				93BAC7B32B85A9DE002D99A3 /* MainScreen.swift */,
				93BAC79A2B85A81A002D99A3 /* ViewController.swift */,
				93BAC7B52B85AA57002D99A3 /* TableViewCellContact.swift */,
			);
			path = Main_Screen;
			sourceTree = "<group>";
		};
		93BAC7B72B85AAA7002D99A3 /* Add_New_Contact_Screen */ = {
			isa = PBXGroup;
			children = (
				93BAC7B82B85AAEA002D99A3 /* AddNewContactScreen.swift */,
				93BAC7BA2B85AB18002D99A3 /* AddNewContactViewController.swift */,
			);
			path = Add_New_Contact_Screen;
			sourceTree = "<group>";
		};
/* End PBXGroup section */

/* Begin PBXNativeTarget section */
		93BAC7922B85A81A002D99A3 /* WA5_Basswerner_8001 */ = {
			isa = PBXNativeTarget;
			buildConfigurationList = 93BAC7A72B85A81D002D99A3 /* Build configuration list for PBXNativeTarget "WA5_Basswerner_8001" */;
			buildPhases = (
				93BAC78F2B85A81A002D99A3 /* Sources */,
				93BAC7902B85A81A002D99A3 /* Frameworks */,
				93BAC7912B85A81A002D99A3 /* Resources */,
			);
			buildRules = (
			);
			dependencies = (
			);
			name = WA5_Basswerner_8001;
			productName = WA5_Basswerner_8001;
			productReference = 93BAC7932B85A81A002D99A3 /* WA5_Basswerner_8001.app */;
			productType = "com.apple.product-type.application";
		};
/* End PBXNativeTarget section */

/* Begin PBXProject section */
		93BAC78B2B85A81A002D99A3 /* Project object */ = {
			isa = PBXProject;
			attributes = {
				BuildIndependentTargetsInParallel = 1;
				LastSwiftUpdateCheck = 1520;
				LastUpgradeCheck = 1520;
				TargetAttributes = {
					93BAC7922B85A81A002D99A3 = {
						CreatedOnToolsVersion = 15.2;
					};
				};
			};
			buildConfigurationList = 93BAC78E2B85A81A002D99A3 /* Build configuration list for PBXProject "WA5_Basswerner_8001" */;
			compatibilityVersion = "Xcode 14.0";
			developmentRegion = en;
			hasScannedForEncodings = 0;
			knownRegions = (
				en,
				Base,
			);
			mainGroup = 93BAC78A2B85A81A002D99A3;
			productRefGroup = 93BAC7942B85A81A002D99A3 /* Products */;
			projectDirPath = "";
			projectRoot = "";
			targets = (
				93BAC7922B85A81A002D99A3 /* WA5_Basswerner_8001 */,
			);
		};
/* End PBXProject section */

/* Begin PBXResourcesBuildPhase section */
		93BAC7912B85A81A002D99A3 /* Resources */ = {
			isa = PBXResourcesBuildPhase;
			buildActionMask = 2147483647;
			files = (
				93BAC7A32B85A81D002D99A3 /* LaunchScreen.storyboard in Resources */,
				93BAC7A02B85A81D002D99A3 /* Assets.xcassets in Resources */,
				93BAC79E2B85A81A002D99A3 /* Main.storyboard in Resources */,
			);
			runOnlyForDeploymentPostprocessing = 0;
		};
/* End PBXResourcesBuildPhase section */

/* Begin PBXSourcesBuildPhase section */
		93BAC78F2B85A81A002D99A3 /* Sources */ = {
			isa = PBXSourcesBuildPhase;
			buildActionMask = 2147483647;
			files = (
				93BAC7AC2B85A8C2002D99A3 /* Contact.swift in Sources */,
				93BAC7B42B85A9DE002D99A3 /* MainScreen.swift in Sources */,
				93BAC7B92B85AAEA002D99A3 /* AddNewContactScreen.swift in Sources */,
				93BAC79B2B85A81A002D99A3 /* ViewController.swift in Sources */,
				93BAC7BB2B85AB18002D99A3 /* AddNewContactViewController.swift in Sources */,
				93BAC7972B85A81A002D99A3 /* AppDelegate.swift in Sources */,
				93BAC7B62B85AA57002D99A3 /* TableViewCellContact.swift in Sources */,
				93BAC7992B85A81A002D99A3 /* SceneDelegate.swift in Sources */,
				93BAC7B12B85A97C002D99A3 /* DetailsScreen.swift in Sources */,
				93BAC7AF2B85A93D002D99A3 /* DetailsViewController.swift in Sources */,
			);
			runOnlyForDeploymentPostprocessing = 0;
		};
/* End PBXSourcesBuildPhase section */

/* Begin PBXVariantGroup section */
		93BAC79C2B85A81A002D99A3 /* Main.storyboard */ = {
			isa = PBXVariantGroup;
			children = (
				93BAC79D2B85A81A002D99A3 /* Base */,
			);
			name = Main.storyboard;
			sourceTree = "<group>";
		};
		93BAC7A12B85A81D002D99A3 /* LaunchScreen.storyboard */ = {
			isa = PBXVariantGroup;
			children = (
				93BAC7A22B85A81D002D99A3 /* Base */,
			);
			name = LaunchScreen.storyboard;
			sourceTree = "<group>";
		};
/* End PBXVariantGroup section */

/* Begin XCBuildConfiguration section */
		93BAC7A52B85A81D002D99A3 /* Debug */ = {
			isa = XCBuildConfiguration;
			buildSettings = {
				ALWAYS_SEARCH_USER_PATHS = NO;
				ASSETCATALOG_COMPILER_GENERATE_SWIFT_ASSET_SYMBOL_EXTENSIONS = YES;
				CLANG_ANALYZER_NONNULL = YES;
				CLANG_ANALYZER_NUMBER_OBJECT_CONVERSION = YES_AGGRESSIVE;
				CLANG_CXX_LANGUAGE_STANDARD = "gnu++20";
				CLANG_ENABLE_MODULES = YES;
				CLANG_ENABLE_OBJC_ARC = YES;
				CLANG_ENABLE_OBJC_WEAK = YES;
				CLANG_WARN_BLOCK_CAPTURE_AUTORELEASING = YES;
				CLANG_WARN_BOOL_CONVERSION = YES;
				CLANG_WARN_COMMA = YES;
				CLANG_WARN_CONSTANT_CONVERSION = YES;
				CLANG_WARN_DEPRECATED_OBJC_IMPLEMENTATIONS = YES;
				CLANG_WARN_DIRECT_OBJC_ISA_USAGE = YES_ERROR;
				CLANG_WARN_DOCUMENTATION_COMMENTS = YES;
				CLANG_WARN_EMPTY_BODY = YES;
				CLANG_WARN_ENUM_CONVERSION = YES;
				CLANG_WARN_INFINITE_RECURSION = YES;
				CLANG_WARN_INT_CONVERSION = YES;
				CLANG_WARN_NON_LITERAL_NULL_CONVERSION = YES;
				CLANG_WARN_OBJC_IMPLICIT_RETAIN_SELF = YES;
				CLANG_WARN_OBJC_LITERAL_CONVERSION = YES;
				CLANG_WARN_OBJC_ROOT_CLASS = YES_ERROR;
				CLANG_WARN_QUOTED_INCLUDE_IN_FRAMEWORK_HEADER = YES;
				CLANG_WARN_RANGE_LOOP_ANALYSIS = YES;
				CLANG_WARN_STRICT_PROTOTYPES = YES;
				CLANG_WARN_SUSPICIOUS_MOVE = YES;
				CLANG_WARN_UNGUARDED_AVAILABILITY = YES_AGGRESSIVE;
				CLANG_WARN_UNREACHABLE_CODE = YES;
				CLANG_WARN__DUPLICATE_METHOD_MATCH = YES;
				COPY_PHASE_STRIP = NO;
				DEBUG_INFORMATION_FORMAT = dwarf;
				ENABLE_STRICT_OBJC_MSGSEND = YES;
				ENABLE_TESTABILITY = YES;
				ENABLE_USER_SCRIPT_SANDBOXING = YES;
				GCC_C_LANGUAGE_STANDARD = gnu17;
				GCC_DYNAMIC_NO_PIC = NO;
				GCC_NO_COMMON_BLOCKS = YES;
				GCC_OPTIMIZATION_LEVEL = 0;
				GCC_PREPROCESSOR_DEFINITIONS = (
					"DEBUG=1",
					"$(inherited)",
				);
				GCC_WARN_64_TO_32_BIT_CONVERSION = YES;
				GCC_WARN_ABOUT_RETURN_TYPE = YES_ERROR;
				GCC_WARN_UNDECLARED_SELECTOR = YES;
				GCC_WARN_UNINITIALIZED_AUTOS = YES_AGGRESSIVE;
				GCC_WARN_UNUSED_FUNCTION = YES;
				GCC_WARN_UNUSED_VARIABLE = YES;
				IPHONEOS_DEPLOYMENT_TARGET = 17.2;
				LOCALIZATION_PREFERS_STRING_CATALOGS = YES;
				MTL_ENABLE_DEBUG_INFO = INCLUDE_SOURCE;
				MTL_FAST_MATH = YES;
				ONLY_ACTIVE_ARCH = YES;
				SDKROOT = iphoneos;
				SWIFT_ACTIVE_COMPILATION_CONDITIONS = "DEBUG $(inherited)";
				SWIFT_OPTIMIZATION_LEVEL = "-Onone";
			};
			name = Debug;
		};
		93BAC7A62B85A81D002D99A3 /* Release */ = {
			isa = XCBuildConfiguration;
			buildSettings = {
				ALWAYS_SEARCH_USER_PATHS = NO;
				ASSETCATALOG_COMPILER_GENERATE_SWIFT_ASSET_SYMBOL_EXTENSIONS = YES;
				CLANG_ANALYZER_NONNULL = YES;
				CLANG_ANALYZER_NUMBER_OBJECT_CONVERSION = YES_AGGRESSIVE;
				CLANG_CXX_LANGUAGE_STANDARD = "gnu++20";
				CLANG_ENABLE_MODULES = YES;
				CLANG_ENABLE_OBJC_ARC = YES;
				CLANG_ENABLE_OBJC_WEAK = YES;
				CLANG_WARN_BLOCK_CAPTURE_AUTORELEASING = YES;
				CLANG_WARN_BOOL_CONVERSION = YES;
				CLANG_WARN_COMMA = YES;
				CLANG_WARN_CONSTANT_CONVERSION = YES;
				CLANG_WARN_DEPRECATED_OBJC_IMPLEMENTATIONS = YES;
				CLANG_WARN_DIRECT_OBJC_ISA_USAGE = YES_ERROR;
				CLANG_WARN_DOCUMENTATION_COMMENTS = YES;
				CLANG_WARN_EMPTY_BODY = YES;
				CLANG_WARN_ENUM_CONVERSION = YES;
				CLANG_WARN_INFINITE_RECURSION = YES;
				CLANG_WARN_INT_CONVERSION = YES;
				CLANG_WARN_NON_LITERAL_NULL_CONVERSION = YES;
				CLANG_WARN_OBJC_IMPLICIT_RETAIN_SELF = YES;
				CLANG_WARN_OBJC_LITERAL_CONVERSION = YES;
				CLANG_WARN_OBJC_ROOT_CLASS = YES_ERROR;
				CLANG_WARN_QUOTED_INCLUDE_IN_FRAMEWORK_HEADER = YES;
				CLANG_WARN_RANGE_LOOP_ANALYSIS = YES;
				CLANG_WARN_STRICT_PROTOTYPES = YES;
				CLANG_WARN_SUSPICIOUS_MOVE = YES;
				CLANG_WARN_UNGUARDED_AVAILABILITY = YES_AGGRESSIVE;
				CLANG_WARN_UNREACHABLE_CODE = YES;
				CLANG_WARN__DUPLICATE_METHOD_MATCH = YES;
				COPY_PHASE_STRIP = NO;
				DEBUG_INFORMATION_FORMAT = "dwarf-with-dsym";
				ENABLE_NS_ASSERTIONS = NO;
				ENABLE_STRICT_OBJC_MSGSEND = YES;
				ENABLE_USER_SCRIPT_SANDBOXING = YES;
				GCC_C_LANGUAGE_STANDARD = gnu17;
				GCC_NO_COMMON_BLOCKS = YES;
				GCC_WARN_64_TO_32_BIT_CONVERSION = YES;
				GCC_WARN_ABOUT_RETURN_TYPE = YES_ERROR;
				GCC_WARN_UNDECLARED_SELECTOR = YES;
				GCC_WARN_UNINITIALIZED_AUTOS = YES_AGGRESSIVE;
				GCC_WARN_UNUSED_FUNCTION = YES;
				GCC_WARN_UNUSED_VARIABLE = YES;
				IPHONEOS_DEPLOYMENT_TARGET = 17.2;
				LOCALIZATION_PREFERS_STRING_CATALOGS = YES;
				MTL_ENABLE_DEBUG_INFO = NO;
				MTL_FAST_MATH = YES;
				SDKROOT = iphoneos;
				SWIFT_COMPILATION_MODE = wholemodule;
				VALIDATE_PRODUCT = YES;
			};
			name = Release;
		};
		93BAC7A82B85A81D002D99A3 /* Debug */ = {
			isa = XCBuildConfiguration;
			buildSettings = {
				ASSETCATALOG_COMPILER_APPICON_NAME = AppIcon;
				ASSETCATALOG_COMPILER_GLOBAL_ACCENT_COLOR_NAME = AccentColor;
				CODE_SIGN_STYLE = Automatic;
				CURRENT_PROJECT_VERSION = 1;
				DEVELOPMENT_TEAM = 9AMBAS6ZRQ;
				GENERATE_INFOPLIST_FILE = YES;
				INFOPLIST_FILE = WA5_Basswerner_8001/Info.plist;
				INFOPLIST_KEY_UIApplicationSupportsIndirectInputEvents = YES;
				INFOPLIST_KEY_UILaunchStoryboardName = LaunchScreen;
				INFOPLIST_KEY_UIMainStoryboardFile = Main;
				INFOPLIST_KEY_UISupportedInterfaceOrientations_iPad = "UIInterfaceOrientationPortrait UIInterfaceOrientationPortraitUpsideDown UIInterfaceOrientationLandscapeLeft UIInterfaceOrientationLandscapeRight";
				INFOPLIST_KEY_UISupportedInterfaceOrientations_iPhone = "UIInterfaceOrientationPortrait UIInterfaceOrientationLandscapeLeft UIInterfaceOrientationLandscapeRight";
				LD_RUNPATH_SEARCH_PATHS = (
					"$(inherited)",
					"@executable_path/Frameworks",
				);
				MARKETING_VERSION = 1.0;
				PRODUCT_BUNDLE_IDENTIFIER = "com.paulabwj.WA5-Basswerner-8001";
				PRODUCT_NAME = "$(TARGET_NAME)";
				SWIFT_EMIT_LOC_STRINGS = YES;
				SWIFT_VERSION = 5.0;
				TARGETED_DEVICE_FAMILY = "1,2";
			};
			name = Debug;
		};
		93BAC7A92B85A81D002D99A3 /* Release */ = {
			isa = XCBuildConfiguration;
			buildSettings = {
				ASSETCATALOG_COMPILER_APPICON_NAME = AppIcon;
				ASSETCATALOG_COMPILER_GLOBAL_ACCENT_COLOR_NAME = AccentColor;
				CODE_SIGN_STYLE = Automatic;
				CURRENT_PROJECT_VERSION = 1;
				DEVELOPMENT_TEAM = 9AMBAS6ZRQ;
				GENERATE_INFOPLIST_FILE = YES;
				INFOPLIST_FILE = WA5_Basswerner_8001/Info.plist;
				INFOPLIST_KEY_UIApplicationSupportsIndirectInputEvents = YES;
				INFOPLIST_KEY_UILaunchStoryboardName = LaunchScreen;
				INFOPLIST_KEY_UIMainStoryboardFile = Main;
				INFOPLIST_KEY_UISupportedInterfaceOrientations_iPad = "UIInterfaceOrientationPortrait UIInterfaceOrientationPortraitUpsideDown UIInterfaceOrientationLandscapeLeft UIInterfaceOrientationLandscapeRight";
				INFOPLIST_KEY_UISupportedInterfaceOrientations_iPhone = "UIInterfaceOrientationPortrait UIInterfaceOrientationLandscapeLeft UIInterfaceOrientationLandscapeRight";
				LD_RUNPATH_SEARCH_PATHS = (
					"$(inherited)",
					"@executable_path/Frameworks",
				);
				MARKETING_VERSION = 1.0;
				PRODUCT_BUNDLE_IDENTIFIER = "com.paulabwj.WA5-Basswerner-8001";
				PRODUCT_NAME = "$(TARGET_NAME)";
				SWIFT_EMIT_LOC_STRINGS = YES;
				SWIFT_VERSION = 5.0;
				TARGETED_DEVICE_FAMILY = "1,2";
			};
			name = Release;
		};
/* End XCBuildConfiguration section */

/* Begin XCConfigurationList section */
		93BAC78E2B85A81A002D99A3 /* Build configuration list for PBXProject "WA5_Basswerner_8001" */ = {
			isa = XCConfigurationList;
			buildConfigurations = (
				93BAC7A52B85A81D002D99A3 /* Debug */,
				93BAC7A62B85A81D002D99A3 /* Release */,
			);
			defaultConfigurationIsVisible = 0;
			defaultConfigurationName = Release;
		};
		93BAC7A72B85A81D002D99A3 /* Build configuration list for PBXNativeTarget "WA5_Basswerner_8001" */ = {
			isa = XCConfigurationList;
			buildConfigurations = (
				93BAC7A82B85A81D002D99A3 /* Debug */,
				93BAC7A92B85A81D002D99A3 /* Release */,
			);
			defaultConfigurationIsVisible = 0;
			defaultConfigurationName = Release;
		};
/* End XCConfigurationList section */
	};
	rootObject = 93BAC78B2B85A81A002D99A3 /* Project object */;
}
